
Microsoft Visual Studio Solution File, Format Version 12.00
# Visual Studio Version 17
VisualStudioVersion = 17.2.32616.157
MinimumVisualStudioVersion = 10.0.40219.1
Project("{FAE04EC0-301F-11D3-BF4B-00C04F79EFBC}") = "CmputeMachine", "CmputeMachine\CmputeMachine.csproj", "{5C2B60AA-EA3A-41EF-B981-F4FA6E2ED031}"
EndProject
Global
	GlobalSection(SolutionConfigurationPlatforms) = preSolution
		Debug|Any CPU = Debug|Any CPU
		Release|Any CPU = Release|Any CPU
	EndGlobalSection
	GlobalSection(ProjectConfigurationPlatforms) = postSolution
		{5C2B60AA-EA3A-41EF-B981-F4FA6E2ED031}.Debug|Any CPU.ActiveCfg = Debug|Any CPU
		{5C2B60AA-EA3A-41EF-B981-F4FA6E2ED031}.Debug|Any CPU.Build.0 = Debug|Any CPU
		{5C2B60AA-EA3A-41EF-B981-F4FA6E2ED031}.Release|Any CPU.ActiveCfg = Release|Any CPU
		{5C2B60AA-EA3A-41EF-B981-F4FA6E2ED031}.Release|Any CPU.Build.0 = Release|Any CPU
	EndGlobalSection
	GlobalSection(SolutionProperties) = preSolution
		HideSolutionNode = FALSE
	EndGlobalSection
	GlobalSection(ExtensibilityGlobals) = postSolution
		SolutionGuid = {0333B80C-CDF1-47DF-BD91-E781B2BD2A7A}
	EndGlobalSection
EndGlobal
